
Microsoft Visual Studio Solution File, Format Version 12.00
# Visual Studio Version 17
VisualStudioVersion = 17.6.33829.357
MinimumVisualStudioVersion = 10.0.40219.1
Project("{9A19103F-16F7-4668-BE54-9A1E7A4F7556}") = "MiniRPG-Console-FR_Cohibou_0", "MiniRPG-Console-FR_Cohibou_0.csproj", "{3EC357C9-4E38-4D3D-9438-36BA12AAC89C}"
EndProject
Global
	GlobalSection(SolutionConfigurationPlatforms) = preSolution
		Debug|Any CPU = Debug|Any CPU
		Release|Any CPU = Release|Any CPU
	EndGlobalSection
	GlobalSection(ProjectConfigurationPlatforms) = postSolution
		{3EC357C9-4E38-4D3D-9438-36BA12AAC89C}.Debug|Any CPU.ActiveCfg = Debug|Any CPU
		{3EC357C9-4E38-4D3D-9438-36BA12AAC89C}.Debug|Any CPU.Build.0 = Debug|Any CPU
		{3EC357C9-4E38-4D3D-9438-36BA12AAC89C}.Release|Any CPU.ActiveCfg = Release|Any CPU
		{3EC357C9-4E38-4D3D-9438-36BA12AAC89C}.Release|Any CPU.Build.0 = Release|Any CPU
	EndGlobalSection
	GlobalSection(SolutionProperties) = preSolution
		HideSolutionNode = FALSE
	EndGlobalSection
	GlobalSection(ExtensibilityGlobals) = postSolution
		SolutionGuid = {1CF77812-DF96-4D2E-8AC5-187866E48F1D}
	EndGlobalSection
EndGlobal
